
Microsoft Visual Studio Solution File, Format Version 12.00
# Visual Studio Version 17
VisualStudioVersion = 17.0.32630.193
MinimumVisualStudioVersion = 10.0.40219.1
Project("{FAE04EC0-301F-11D3-BF4B-00C04F79EFBC}") = "PersonnelApp.Domain", "PersonnelApp.Domain\PersonnelApp.Domain.csproj", "{276A6F2D-49A4-4E42-B9B5-B22D534153F3}"
EndProject
Project("{FAE04EC0-301F-11D3-BF4B-00C04F79EFBC}") = "PersonnelApp.DAL", "PersonnelApp.DAL\PersonnelApp.DAL.csproj", "{12B60180-8ACB-49F9-9E08-23B95013904C}"
EndProject
Project("{FAE04EC0-301F-11D3-BF4B-00C04F79EFBC}") = "Personnel.App.Console.UI", "Personnel.App.Console.UI\Personnel.App.Console.UI.csproj", "{DE7757C9-9AEA-449E-8BAA-CE899F5EE214}"
EndProject
Global
	GlobalSection(SolutionConfigurationPlatforms) = preSolution
		Debug|Any CPU = Debug|Any CPU
		Release|Any CPU = Release|Any CPU
	EndGlobalSection
	GlobalSection(ProjectConfigurationPlatforms) = postSolution
		{276A6F2D-49A4-4E42-B9B5-B22D534153F3}.Debug|Any CPU.ActiveCfg = Debug|Any CPU
		{276A6F2D-49A4-4E42-B9B5-B22D534153F3}.Debug|Any CPU.Build.0 = Debug|Any CPU
		{276A6F2D-49A4-4E42-B9B5-B22D534153F3}.Release|Any CPU.ActiveCfg = Release|Any CPU
		{276A6F2D-49A4-4E42-B9B5-B22D534153F3}.Release|Any CPU.Build.0 = Release|Any CPU
		{12B60180-8ACB-49F9-9E08-23B95013904C}.Debug|Any CPU.ActiveCfg = Debug|Any CPU
		{12B60180-8ACB-49F9-9E08-23B95013904C}.Debug|Any CPU.Build.0 = Debug|Any CPU
		{12B60180-8ACB-49F9-9E08-23B95013904C}.Release|Any CPU.ActiveCfg = Release|Any CPU
		{12B60180-8ACB-49F9-9E08-23B95013904C}.Release|Any CPU.Build.0 = Release|Any CPU
		{DE7757C9-9AEA-449E-8BAA-CE899F5EE214}.Debug|Any CPU.ActiveCfg = Debug|Any CPU
		{DE7757C9-9AEA-449E-8BAA-CE899F5EE214}.Debug|Any CPU.Build.0 = Debug|Any CPU
		{DE7757C9-9AEA-449E-8BAA-CE899F5EE214}.Release|Any CPU.ActiveCfg = Release|Any CPU
		{DE7757C9-9AEA-449E-8BAA-CE899F5EE214}.Release|Any CPU.Build.0 = Release|Any CPU
	EndGlobalSection
	GlobalSection(SolutionProperties) = preSolution
		HideSolutionNode = FALSE
	EndGlobalSection
	GlobalSection(ExtensibilityGlobals) = postSolution
		SolutionGuid = {73D1A6AF-0A16-4682-A7FE-425CAD328ACF}
	EndGlobalSection
EndGlobal
